
Microsoft Visual Studio Solution File, Format Version 12.00
# Visual Studio 2012
Project("{FAE04EC0-301F-11D3-BF4B-00C04F79EFBC}") = "SplunkLogger", "SplunkLogger\SplunkLogger.csproj", "{D27CB77A-827E-4582-AFD0-D515B55C7C13}"
EndProject
Project("{FAE04EC0-301F-11D3-BF4B-00C04F79EFBC}") = "SampleWebAPI", "SampleWebAPI\SampleWebAPI.csproj", "{8D6EF394-5E88-4D15-97C0-FF2860DF53F3}"
EndProject
Project("{FAE04EC0-301F-11D3-BF4B-00C04F79EFBC}") = "VTEXSplunkLogger", "VTEXSplunkLogger\VTEXSplunkLogger.csproj", "{4C4CFC3E-D748-4A81-ADC9-55B4F0ED1C69}"
EndProject
Global
	GlobalSection(SolutionConfigurationPlatforms) = preSolution
		Debug|Any CPU = Debug|Any CPU
		Release|Any CPU = Release|Any CPU
	EndGlobalSection
	GlobalSection(ProjectConfigurationPlatforms) = postSolution
		{D27CB77A-827E-4582-AFD0-D515B55C7C13}.Debug|Any CPU.ActiveCfg = Debug|Any CPU
		{D27CB77A-827E-4582-AFD0-D515B55C7C13}.Debug|Any CPU.Build.0 = Debug|Any CPU
		{D27CB77A-827E-4582-AFD0-D515B55C7C13}.Release|Any CPU.ActiveCfg = Release|Any CPU
		{D27CB77A-827E-4582-AFD0-D515B55C7C13}.Release|Any CPU.Build.0 = Release|Any CPU
		{8D6EF394-5E88-4D15-97C0-FF2860DF53F3}.Debug|Any CPU.ActiveCfg = Debug|Any CPU
		{8D6EF394-5E88-4D15-97C0-FF2860DF53F3}.Debug|Any CPU.Build.0 = Debug|Any CPU
		{8D6EF394-5E88-4D15-97C0-FF2860DF53F3}.Release|Any CPU.ActiveCfg = Release|Any CPU
		{8D6EF394-5E88-4D15-97C0-FF2860DF53F3}.Release|Any CPU.Build.0 = Release|Any CPU
		{4C4CFC3E-D748-4A81-ADC9-55B4F0ED1C69}.Debug|Any CPU.ActiveCfg = Debug|Any CPU
		{4C4CFC3E-D748-4A81-ADC9-55B4F0ED1C69}.Debug|Any CPU.Build.0 = Debug|Any CPU
		{4C4CFC3E-D748-4A81-ADC9-55B4F0ED1C69}.Release|Any CPU.ActiveCfg = Release|Any CPU
		{4C4CFC3E-D748-4A81-ADC9-55B4F0ED1C69}.Release|Any CPU.Build.0 = Release|Any CPU
	EndGlobalSection
	GlobalSection(MonoDevelopProperties) = preSolution
		description = C# .Net Core 2 Splunk ILogger Compatible Implementation
		version = 1.0.1
	EndGlobalSection
EndGlobal
